<Solution>
  <Folder Name="/01/">
    <Project Path="IsNumerOddOrNot/IsNumerOddOrNot.csproj" Id="a5ac748d-5a5c-433d-ae95-18b4e9fd0e2f" />
  </Folder>
  <Folder Name="/02/">
    <Project Path="The GreathesNumber/The GreathesNumber.csproj" Id="aec661cd-137c-4312-8272-90fad2b00726" />
  </Folder>
  <Folder Name="/03/">
    <Project Path="SortNumbers/SortNumbers.csproj" Id="ce3cad78-7f47-40bf-aa7f-c2c1416f3730" />
  </Folder>
  <Folder Name="/04/">
    <Project Path="IsMulltipleOfAnother/IsMulltipleOfAnother.csproj" Id="cf7a0323-72a6-45c6-a969-0ec5e9a8e526" />
  </Folder>
  <Folder Name="/05/">
    <Project Path="IsLeapYear/IsLeapYear.csproj" Id="c8efa7ba-7633-4cc7-a3ae-757f97c80ca9" />
  </Folder>
  <Folder Name="/06/">
    <Project Path="SimplePayroll/SimplePayroll.csproj" Id="22428bd4-3843-4c2c-bc13-64a75ea449e1" />
  </Folder>
  <Folder Name="/Shared/">
    <Project Path="Shared/Shared.csproj" Id="90370117-ebac-4948-8e82-621c07f59363" />
  </Folder>
</Solution>
